
Microsoft Visual Studio Solution File, Format Version 12.00
# Visual Studio Version 16
VisualStudioVersion = 16.0.30804.86
MinimumVisualStudioVersion = 10.0.40219.1
Project("{9A19103F-16F7-4668-BE54-9A1E7A4F7556}") = "software_assignment", "software_assignment\software_assignment.csproj", "{19DFD7F0-0AD3-4419-BCE0-2BE2869B15A1}"
EndProject
Project("{9A19103F-16F7-4668-BE54-9A1E7A4F7556}") = "sut.tests", "sut.tests\sut.tests.csproj", "{0F1AA30B-A3AA-4080-B0B8-79CB9B631E07}"
EndProject
Global
	GlobalSection(SolutionConfigurationPlatforms) = preSolution
		Debug|Any CPU = Debug|Any CPU
		Release|Any CPU = Release|Any CPU
	EndGlobalSection
	GlobalSection(ProjectConfigurationPlatforms) = postSolution
		{19DFD7F0-0AD3-4419-BCE0-2BE2869B15A1}.Debug|Any CPU.ActiveCfg = Debug|Any CPU
		{19DFD7F0-0AD3-4419-BCE0-2BE2869B15A1}.Debug|Any CPU.Build.0 = Debug|Any CPU
		{19DFD7F0-0AD3-4419-BCE0-2BE2869B15A1}.Release|Any CPU.ActiveCfg = Release|Any CPU
		{19DFD7F0-0AD3-4419-BCE0-2BE2869B15A1}.Release|Any CPU.Build.0 = Release|Any CPU
		{0F1AA30B-A3AA-4080-B0B8-79CB9B631E07}.Debug|Any CPU.ActiveCfg = Debug|Any CPU
		{0F1AA30B-A3AA-4080-B0B8-79CB9B631E07}.Debug|Any CPU.Build.0 = Debug|Any CPU
		{0F1AA30B-A3AA-4080-B0B8-79CB9B631E07}.Release|Any CPU.ActiveCfg = Release|Any CPU
		{0F1AA30B-A3AA-4080-B0B8-79CB9B631E07}.Release|Any CPU.Build.0 = Release|Any CPU
	EndGlobalSection
	GlobalSection(SolutionProperties) = preSolution
		HideSolutionNode = FALSE
	EndGlobalSection
	GlobalSection(ExtensibilityGlobals) = postSolution
		SolutionGuid = {33BBDA18-81BB-4DD7-ABF0-7D7C505100D0}
	EndGlobalSection
EndGlobal
